
Microsoft Visual Studio Solution File, Format Version 12.00
# Visual Studio Version 17
VisualStudioVersion = 17.9.34321.82
MinimumVisualStudioVersion = 10.0.40219.1
Project("{9A19103F-16F7-4668-BE54-9A1E7A4F7556}") = "UnityExplorerLoader", "UnityExplorerLoader.csproj", "{90726D59-08BC-43A2-949B-7F9BFDB70DBD}"
EndProject
Project("{9A19103F-16F7-4668-BE54-9A1E7A4F7556}") = "CinematicUnityExplorer", "..\CinematicUnityExplorer\src\CinematicUnityExplorer.csproj", "{536DC9BC-D83A-4B71-850B-CFA407489924}"
EndProject
Project("{9A19103F-16F7-4668-BE54-9A1E7A4F7556}") = "UniverseLib", "..\CinematicUnityExplorer\UniverseLib\src\UniverseLib.csproj", "{8190B248-BEFF-411E-886A-4493D98760CF}"
EndProject
Global
	GlobalSection(SolutionConfigurationPlatforms) = preSolution
		Debug|Any CPU = Debug|Any CPU
		Release_Mono|Any CPU = Release_Mono|Any CPU
		Release|Any CPU = Release|Any CPU
	EndGlobalSection
	GlobalSection(ProjectConfigurationPlatforms) = postSolution
		{90726D59-08BC-43A2-949B-7F9BFDB70DBD}.Debug|Any CPU.ActiveCfg = Debug|x64
		{90726D59-08BC-43A2-949B-7F9BFDB70DBD}.Debug|Any CPU.Build.0 = Debug|x64
		{90726D59-08BC-43A2-949B-7F9BFDB70DBD}.Release_Mono|Any CPU.ActiveCfg = Release|x64
		{90726D59-08BC-43A2-949B-7F9BFDB70DBD}.Release_Mono|Any CPU.Build.0 = Release|x64
		{90726D59-08BC-43A2-949B-7F9BFDB70DBD}.Release|Any CPU.ActiveCfg = Release|x64
		{90726D59-08BC-43A2-949B-7F9BFDB70DBD}.Release|Any CPU.Build.0 = Release|x64
		{536DC9BC-D83A-4B71-850B-CFA407489924}.Debug|Any CPU.ActiveCfg = STANDALONE_Mono|Any CPU
		{536DC9BC-D83A-4B71-850B-CFA407489924}.Debug|Any CPU.Build.0 = STANDALONE_Mono|Any CPU
		{536DC9BC-D83A-4B71-850B-CFA407489924}.Release_Mono|Any CPU.ActiveCfg = Debug|Any CPU
		{536DC9BC-D83A-4B71-850B-CFA407489924}.Release_Mono|Any CPU.Build.0 = Debug|Any CPU
		{536DC9BC-D83A-4B71-850B-CFA407489924}.Release|Any CPU.ActiveCfg = STANDALONE_Mono|Any CPU
		{536DC9BC-D83A-4B71-850B-CFA407489924}.Release|Any CPU.Build.0 = STANDALONE_Mono|Any CPU
		{8190B248-BEFF-411E-886A-4493D98760CF}.Debug|Any CPU.ActiveCfg = Release_Mono|Any CPU
		{8190B248-BEFF-411E-886A-4493D98760CF}.Debug|Any CPU.Build.0 = Release_Mono|Any CPU
		{8190B248-BEFF-411E-886A-4493D98760CF}.Release_Mono|Any CPU.ActiveCfg = Release_Mono|Any CPU
		{8190B248-BEFF-411E-886A-4493D98760CF}.Release_Mono|Any CPU.Build.0 = Release_Mono|Any CPU
		{8190B248-BEFF-411E-886A-4493D98760CF}.Release|Any CPU.ActiveCfg = Release_Mono|Any CPU
		{8190B248-BEFF-411E-886A-4493D98760CF}.Release|Any CPU.Build.0 = Release_Mono|Any CPU
	EndGlobalSection
	GlobalSection(SolutionProperties) = preSolution
		HideSolutionNode = FALSE
	EndGlobalSection
	GlobalSection(ExtensibilityGlobals) = postSolution
		SolutionGuid = {0387598B-25AB-4E54-8DDB-FF039504C83F}
	EndGlobalSection
EndGlobal
